// !$*UTF8*$!
{
	archiveVersion = 1;
	classes = {
	};
	objectVersion = 56;
	objects = {

/* Begin PBXBuildFile section */
		8D0C01532C19719300148D02 /* AppDelegate.swift in Sources */ = {isa = PBXBuildFile; fileRef = 8D0C01522C19719300148D02 /* AppDelegate.swift */; };
		8D0C01552C19719300148D02 /* SceneDelegate.swift in Sources */ = {isa = PBXBuildFile; fileRef = 8D0C01542C19719300148D02 /* SceneDelegate.swift */; };
		8D0C01572C19719300148D02 /* ReminderListViewController.swift in Sources */ = {isa = PBXBuildFile; fileRef = 8D0C01562C19719300148D02 /* ReminderListViewController.swift */; };
		8D0C015A2C19719300148D02 /* Main.storyboard in Resources */ = {isa = PBXBuildFile; fileRef = 8D0C01582C19719300148D02 /* Main.storyboard */; };
		8D0C015C2C19719400148D02 /* Assets.xcassets in Resources */ = {isa = PBXBuildFile; fileRef = 8D0C015B2C19719400148D02 /* Assets.xcassets */; };
		8D0C015F2C19719400148D02 /* LaunchScreen.storyboard in Resources */ = {isa = PBXBuildFile; fileRef = 8D0C015D2C19719400148D02 /* LaunchScreen.storyboard */; };
		8D0C016A2C19719400148D02 /* TodayTests.swift in Sources */ = {isa = PBXBuildFile; fileRef = 8D0C01692C19719400148D02 /* TodayTests.swift */; };
		8D0C01742C19719400148D02 /* TodayUITests.swift in Sources */ = {isa = PBXBuildFile; fileRef = 8D0C01732C19719400148D02 /* TodayUITests.swift */; };
		8D0C01762C19719400148D02 /* TodayUITestsLaunchTests.swift in Sources */ = {isa = PBXBuildFile; fileRef = 8D0C01752C19719400148D02 /* TodayUITestsLaunchTests.swift */; };
		8D0C01842C1979C700148D02 /* Reminder.swift in Sources */ = {isa = PBXBuildFile; fileRef = 8D0C01832C1979C700148D02 /* Reminder.swift */; };
		8D9177EA2C228C43003EDF40 /* Date+Today.swift in Sources */ = {isa = PBXBuildFile; fileRef = 8D9177E92C228C43003EDF40 /* Date+Today.swift */; };
		8D9177EF2C22AD0D003EDF40 /* ReminderListViewController+DataSource.swift in Sources */ = {isa = PBXBuildFile; fileRef = 8D9177EE2C22AD0D003EDF40 /* ReminderListViewController+DataSource.swift */; };
		8D9177F32C22B5F0003EDF40 /* UIColor+Today.swift in Sources */ = {isa = PBXBuildFile; fileRef = 8D9177F22C22B5F0003EDF40 /* UIColor+Today.swift */; };
		8D9177F62C22D620003EDF40 /* ReminderDoneButton.swift in Sources */ = {isa = PBXBuildFile; fileRef = 8D9177F52C22D620003EDF40 /* ReminderDoneButton.swift */; };
		8D9177F82C22D7ED003EDF40 /* ReminderListViewController+Actions.swift in Sources */ = {isa = PBXBuildFile; fileRef = 8D9177F72C22D7ED003EDF40 /* ReminderListViewController+Actions.swift */; };
		8DB510162C250B16008FEAED /* ReminderViewController.swift in Sources */ = {isa = PBXBuildFile; fileRef = 8DB510152C250B16008FEAED /* ReminderViewController.swift */; };
		8DB510192C251284008FEAED /* ReminderViewController+Row.swift in Sources */ = {isa = PBXBuildFile; fileRef = 8DB510182C251284008FEAED /* ReminderViewController+Row.swift */; };
/* End PBXBuildFile section */

/* Begin PBXContainerItemProxy section */
		8D0C01662C19719400148D02 /* PBXContainerItemProxy */ = {
			isa = PBXContainerItemProxy;
			containerPortal = 8D0C01472C19719300148D02 /* Project object */;
			proxyType = 1;
			remoteGlobalIDString = 8D0C014E2C19719300148D02;
			remoteInfo = Today;
		};
		8D0C01702C19719400148D02 /* PBXContainerItemProxy */ = {
			isa = PBXContainerItemProxy;
			containerPortal = 8D0C01472C19719300148D02 /* Project object */;
			proxyType = 1;
			remoteGlobalIDString = 8D0C014E2C19719300148D02;
			remoteInfo = Today;
		};
/* End PBXContainerItemProxy section */

/* Begin PBXFileReference section */
		8D0C014F2C19719300148D02 /* Today.app */ = {isa = PBXFileReference; explicitFileType = wrapper.application; includeInIndex = 0; path = Today.app; sourceTree = BUILT_PRODUCTS_DIR; };
		8D0C01522C19719300148D02 /* AppDelegate.swift */ = {isa = PBXFileReference; lastKnownFileType = sourcecode.swift; path = AppDelegate.swift; sourceTree = "<group>"; };
		8D0C01542C19719300148D02 /* SceneDelegate.swift */ = {isa = PBXFileReference; lastKnownFileType = sourcecode.swift; path = SceneDelegate.swift; sourceTree = "<group>"; };
		8D0C01562C19719300148D02 /* ReminderListViewController.swift */ = {isa = PBXFileReference; lastKnownFileType = sourcecode.swift; path = ReminderListViewController.swift; sourceTree = "<group>"; };
		8D0C01592C19719300148D02 /* Base */ = {isa = PBXFileReference; lastKnownFileType = file.storyboard; name = Base; path = Base.lproj/Main.storyboard; sourceTree = "<group>"; };
		8D0C015B2C19719400148D02 /* Assets.xcassets */ = {isa = PBXFileReference; lastKnownFileType = folder.assetcatalog; path = Assets.xcassets; sourceTree = "<group>"; };
		8D0C015E2C19719400148D02 /* Base */ = {isa = PBXFileReference; lastKnownFileType = file.storyboard; name = Base; path = Base.lproj/LaunchScreen.storyboard; sourceTree = "<group>"; };
		8D0C01602C19719400148D02 /* Info.plist */ = {isa = PBXFileReference; lastKnownFileType = text.plist.xml; path = Info.plist; sourceTree = "<group>"; };
		8D0C01652C19719400148D02 /* TodayTests.xctest */ = {isa = PBXFileReference; explicitFileType = wrapper.cfbundle; includeInIndex = 0; path = TodayTests.xctest; sourceTree = BUILT_PRODUCTS_DIR; };
		8D0C01692C19719400148D02 /* TodayTests.swift */ = {isa = PBXFileReference; lastKnownFileType = sourcecode.swift; path = TodayTests.swift; sourceTree = "<group>"; };
		8D0C016F2C19719400148D02 /* TodayUITests.xctest */ = {isa = PBXFileReference; explicitFileType = wrapper.cfbundle; includeInIndex = 0; path = TodayUITests.xctest; sourceTree = BUILT_PRODUCTS_DIR; };
		8D0C01732C19719400148D02 /* TodayUITests.swift */ = {isa = PBXFileReference; lastKnownFileType = sourcecode.swift; path = TodayUITests.swift; sourceTree = "<group>"; };
		8D0C01752C19719400148D02 /* TodayUITestsLaunchTests.swift */ = {isa = PBXFileReference; lastKnownFileType = sourcecode.swift; path = TodayUITestsLaunchTests.swift; sourceTree = "<group>"; };
		8D0C01832C1979C700148D02 /* Reminder.swift */ = {isa = PBXFileReference; lastKnownFileType = sourcecode.swift; path = Reminder.swift; sourceTree = "<group>"; };
		8D9177E92C228C43003EDF40 /* Date+Today.swift */ = {isa = PBXFileReference; lastKnownFileType = sourcecode.swift; path = "Date+Today.swift"; sourceTree = "<group>"; };
		8D9177EE2C22AD0D003EDF40 /* ReminderListViewController+DataSource.swift */ = {isa = PBXFileReference; lastKnownFileType = sourcecode.swift; path = "ReminderListViewController+DataSource.swift"; sourceTree = "<group>"; };
		8D9177F22C22B5F0003EDF40 /* UIColor+Today.swift */ = {isa = PBXFileReference; fileEncoding = 4; lastKnownFileType = sourcecode.swift; name = "UIColor+Today.swift"; path = "../../../../../Downloads/DisplayingCellInfo/StartingProject/Today/Models/UIColor+Today.swift"; sourceTree = "<group>"; };
		8D9177F52C22D620003EDF40 /* ReminderDoneButton.swift */ = {isa = PBXFileReference; lastKnownFileType = sourcecode.swift; path = ReminderDoneButton.swift; sourceTree = "<group>"; };
		8D9177F72C22D7ED003EDF40 /* ReminderListViewController+Actions.swift */ = {isa = PBXFileReference; lastKnownFileType = sourcecode.swift; path = "ReminderListViewController+Actions.swift"; sourceTree = "<group>"; };
		8DB510152C250B16008FEAED /* ReminderViewController.swift */ = {isa = PBXFileReference; lastKnownFileType = sourcecode.swift; path = ReminderViewController.swift; sourceTree = "<group>"; };
		8DB510182C251284008FEAED /* ReminderViewController+Row.swift */ = {isa = PBXFileReference; lastKnownFileType = sourcecode.swift; path = "ReminderViewController+Row.swift"; sourceTree = "<group>"; };
/* End PBXFileReference section */

/* Begin PBXFrameworksBuildPhase section */
		8D0C014C2C19719300148D02 /* Frameworks */ = {
			isa = PBXFrameworksBuildPhase;
			buildActionMask = 2147483647;
			files = (
			);
			runOnlyForDeploymentPostprocessing = 0;
		};
		8D0C01622C19719400148D02 /* Frameworks */ = {
			isa = PBXFrameworksBuildPhase;
			buildActionMask = 2147483647;
			files = (
			);
			runOnlyForDeploymentPostprocessing = 0;
		};
		8D0C016C2C19719400148D02 /* Frameworks */ = {
			isa = PBXFrameworksBuildPhase;
			buildActionMask = 2147483647;
			files = (
			);
			runOnlyForDeploymentPostprocessing = 0;
		};
/* End PBXFrameworksBuildPhase section */

/* Begin PBXGroup section */
		8D0C01462C19719300148D02 = {
			isa = PBXGroup;
			children = (
				8D0C01512C19719300148D02 /* Today */,
				8D0C01682C19719400148D02 /* TodayTests */,
				8D0C01722C19719400148D02 /* TodayUITests */,
				8D0C01502C19719300148D02 /* Products */,
			);
			sourceTree = "<group>";
		};
		8D0C01502C19719300148D02 /* Products */ = {
			isa = PBXGroup;
			children = (
				8D0C014F2C19719300148D02 /* Today.app */,
				8D0C01652C19719400148D02 /* TodayTests.xctest */,
				8D0C016F2C19719400148D02 /* TodayUITests.xctest */,
			);
			name = Products;
			sourceTree = "<group>";
		};
		8D0C01512C19719300148D02 /* Today */ = {
			isa = PBXGroup;
			children = (
				8D0C01822C19796000148D02 /* Models */,
				8D0C01522C19719300148D02 /* AppDelegate.swift */,
				8D0C01542C19719300148D02 /* SceneDelegate.swift */,
				8DB510172C251192008FEAED /* DetailViewController */,
				8D9177ED2C22ACC3003EDF40 /* ListViewController */,
				8D0C01582C19719300148D02 /* Main.storyboard */,
				8D0C015B2C19719400148D02 /* Assets.xcassets */,
				8D0C015D2C19719400148D02 /* LaunchScreen.storyboard */,
				8D0C01602C19719400148D02 /* Info.plist */,
			);
			path = Today;
			sourceTree = "<group>";
		};
		8D0C01682C19719400148D02 /* TodayTests */ = {
			isa = PBXGroup;
			children = (
				8D0C01692C19719400148D02 /* TodayTests.swift */,
			);
			path = TodayTests;
			sourceTree = "<group>";
		};
		8D0C01722C19719400148D02 /* TodayUITests */ = {
			isa = PBXGroup;
			children = (
				8D0C01732C19719400148D02 /* TodayUITests.swift */,
				8D0C01752C19719400148D02 /* TodayUITestsLaunchTests.swift */,
			);
			path = TodayUITests;
			sourceTree = "<group>";
		};
		8D0C01822C19796000148D02 /* Models */ = {
			isa = PBXGroup;
			children = (
				8D9177F22C22B5F0003EDF40 /* UIColor+Today.swift */,
				8D0C01832C1979C700148D02 /* Reminder.swift */,
				8D9177E92C228C43003EDF40 /* Date+Today.swift */,
			);
			path = Models;
			sourceTree = "<group>";
		};
		8D9177ED2C22ACC3003EDF40 /* ListViewController */ = {
			isa = PBXGroup;
			children = (
				8D0C01562C19719300148D02 /* ReminderListViewController.swift */,
				8D9177EE2C22AD0D003EDF40 /* ReminderListViewController+DataSource.swift */,
				8D9177F52C22D620003EDF40 /* ReminderDoneButton.swift */,
				8D9177F72C22D7ED003EDF40 /* ReminderListViewController+Actions.swift */,
			);
			path = ListViewController;
			sourceTree = "<group>";
		};
		8DB510172C251192008FEAED /* DetailViewController */ = {
			isa = PBXGroup;
			children = (
				8DB510152C250B16008FEAED /* ReminderViewController.swift */,
				8DB510182C251284008FEAED /* ReminderViewController+Row.swift */,
			);
			path = DetailViewController;
			sourceTree = "<group>";
		};
/* End PBXGroup section */

/* Begin PBXNativeTarget section */
		8D0C014E2C19719300148D02 /* Today */ = {
			isa = PBXNativeTarget;
			buildConfigurationList = 8D0C01792C19719400148D02 /* Build configuration list for PBXNativeTarget "Today" */;
			buildPhases = (
				8D0C014B2C19719300148D02 /* Sources */,
				8D0C014C2C19719300148D02 /* Frameworks */,
				8D0C014D2C19719300148D02 /* Resources */,
			);
			buildRules = (
			);
			dependencies = (
			);
			name = Today;
			productName = Today;
			productReference = 8D0C014F2C19719300148D02 /* Today.app */;
			productType = "com.apple.product-type.application";
		};
		8D0C01642C19719400148D02 /* TodayTests */ = {
			isa = PBXNativeTarget;
			buildConfigurationList = 8D0C017C2C19719400148D02 /* Build configuration list for PBXNativeTarget "TodayTests" */;
			buildPhases = (
				8D0C01612C19719400148D02 /* Sources */,
				8D0C01622C19719400148D02 /* Frameworks */,
				8D0C01632C19719400148D02 /* Resources */,
			);
			buildRules = (
			);
			dependencies = (
				8D0C01672C19719400148D02 /* PBXTargetDependency */,
			);
			name = TodayTests;
			productName = TodayTests;
			productReference = 8D0C01652C19719400148D02 /* TodayTests.xctest */;
			productType = "com.apple.product-type.bundle.unit-test";
		};
		8D0C016E2C19719400148D02 /* TodayUITests */ = {
			isa = PBXNativeTarget;
			buildConfigurationList = 8D0C017F2C19719400148D02 /* Build configuration list for PBXNativeTarget "TodayUITests" */;
			buildPhases = (
				8D0C016B2C19719400148D02 /* Sources */,
				8D0C016C2C19719400148D02 /* Frameworks */,
				8D0C016D2C19719400148D02 /* Resources */,
			);
			buildRules = (
			);
			dependencies = (
				8D0C01712C19719400148D02 /* PBXTargetDependency */,
			);
			name = TodayUITests;
			productName = TodayUITests;
			productReference = 8D0C016F2C19719400148D02 /* TodayUITests.xctest */;
			productType = "com.apple.product-type.bundle.ui-testing";
		};
/* End PBXNativeTarget section */

/* Begin PBXProject section */
		8D0C01472C19719300148D02 /* Project object */ = {
			isa = PBXProject;
			attributes = {
				BuildIndependentTargetsInParallel = 1;
				LastSwiftUpdateCheck = 1520;
				LastUpgradeCheck = 1520;
				TargetAttributes = {
					8D0C014E2C19719300148D02 = {
						CreatedOnToolsVersion = 15.2;
					};
					8D0C01642C19719400148D02 = {
						CreatedOnToolsVersion = 15.2;
						TestTargetID = 8D0C014E2C19719300148D02;
					};
					8D0C016E2C19719400148D02 = {
						CreatedOnToolsVersion = 15.2;
						TestTargetID = 8D0C014E2C19719300148D02;
					};
				};
			};
			buildConfigurationList = 8D0C014A2C19719300148D02 /* Build configuration list for PBXProject "Today" */;
			compatibilityVersion = "Xcode 14.0";
			developmentRegion = en;
			hasScannedForEncodings = 0;
			knownRegions = (
				en,
				Base,
			);
			mainGroup = 8D0C01462C19719300148D02;
			productRefGroup = 8D0C01502C19719300148D02 /* Products */;
			projectDirPath = "";
			projectRoot = "";
			targets = (
				8D0C014E2C19719300148D02 /* Today */,
				8D0C01642C19719400148D02 /* TodayTests */,
				8D0C016E2C19719400148D02 /* TodayUITests */,
			);
		};
/* End PBXProject section */

/* Begin PBXResourcesBuildPhase section */
		8D0C014D2C19719300148D02 /* Resources */ = {
			isa = PBXResourcesBuildPhase;
			buildActionMask = 2147483647;
			files = (
				8D0C015F2C19719400148D02 /* LaunchScreen.storyboard in Resources */,
				8D0C015C2C19719400148D02 /* Assets.xcassets in Resources */,
				8D0C015A2C19719300148D02 /* Main.storyboard in Resources */,
			);
			runOnlyForDeploymentPostprocessing = 0;
		};
		8D0C01632C19719400148D02 /* Resources */ = {
			isa = PBXResourcesBuildPhase;
			buildActionMask = 2147483647;
			files = (
			);
			runOnlyForDeploymentPostprocessing = 0;
		};
		8D0C016D2C19719400148D02 /* Resources */ = {
			isa = PBXResourcesBuildPhase;
			buildActionMask = 2147483647;
			files = (
			);
			runOnlyForDeploymentPostprocessing = 0;
		};
/* End PBXResourcesBuildPhase section */

/* Begin PBXSourcesBuildPhase section */
		8D0C014B2C19719300148D02 /* Sources */ = {
			isa = PBXSourcesBuildPhase;
			buildActionMask = 2147483647;
			files = (
				8D9177F32C22B5F0003EDF40 /* UIColor+Today.swift in Sources */,
				8D9177F82C22D7ED003EDF40 /* ReminderListViewController+Actions.swift in Sources */,
				8DB510162C250B16008FEAED /* ReminderViewController.swift in Sources */,
				8D0C01572C19719300148D02 /* ReminderListViewController.swift in Sources */,
				8D9177EA2C228C43003EDF40 /* Date+Today.swift in Sources */,
				8DB510192C251284008FEAED /* ReminderViewController+Row.swift in Sources */,
				8D9177F62C22D620003EDF40 /* ReminderDoneButton.swift in Sources */,
				8D0C01532C19719300148D02 /* AppDelegate.swift in Sources */,
				8D0C01552C19719300148D02 /* SceneDelegate.swift in Sources */,
				8D0C01842C1979C700148D02 /* Reminder.swift in Sources */,
				8D9177EF2C22AD0D003EDF40 /* ReminderListViewController+DataSource.swift in Sources */,
			);
			runOnlyForDeploymentPostprocessing = 0;
		};
		8D0C01612C19719400148D02 /* Sources */ = {
			isa = PBXSourcesBuildPhase;
			buildActionMask = 2147483647;
			files = (
				8D0C016A2C19719400148D02 /* TodayTests.swift in Sources */,
			);
			runOnlyForDeploymentPostprocessing = 0;
		};
		8D0C016B2C19719400148D02 /* Sources */ = {
			isa = PBXSourcesBuildPhase;
			buildActionMask = 2147483647;
			files = (
				8D0C01762C19719400148D02 /* TodayUITestsLaunchTests.swift in Sources */,
				8D0C01742C19719400148D02 /* TodayUITests.swift in Sources */,
			);
			runOnlyForDeploymentPostprocessing = 0;
		};
/* End PBXSourcesBuildPhase section */

/* Begin PBXTargetDependency section */
		8D0C01672C19719400148D02 /* PBXTargetDependency */ = {
			isa = PBXTargetDependency;
			target = 8D0C014E2C19719300148D02 /* Today */;
			targetProxy = 8D0C01662C19719400148D02 /* PBXContainerItemProxy */;
		};
		8D0C01712C19719400148D02 /* PBXTargetDependency */ = {
			isa = PBXTargetDependency;
			target = 8D0C014E2C19719300148D02 /* Today */;
			targetProxy = 8D0C01702C19719400148D02 /* PBXContainerItemProxy */;
		};
/* End PBXTargetDependency section */

/* Begin PBXVariantGroup section */
		8D0C01582C19719300148D02 /* Main.storyboard */ = {
			isa = PBXVariantGroup;
			children = (
				8D0C01592C19719300148D02 /* Base */,
			);
			name = Main.storyboard;
			sourceTree = "<group>";
		};
		8D0C015D2C19719400148D02 /* LaunchScreen.storyboard */ = {
			isa = PBXVariantGroup;
			children = (
				8D0C015E2C19719400148D02 /* Base */,
			);
			name = LaunchScreen.storyboard;
			sourceTree = "<group>";
		};
/* End PBXVariantGroup section */

/* Begin XCBuildConfiguration section */
		8D0C01772C19719400148D02 /* Debug */ = {
			isa = XCBuildConfiguration;
			buildSettings = {
				ALWAYS_SEARCH_USER_PATHS = NO;
				ASSETCATALOG_COMPILER_GENERATE_SWIFT_ASSET_SYMBOL_EXTENSIONS = YES;
				CLANG_ANALYZER_NONNULL = YES;
				CLANG_ANALYZER_NUMBER_OBJECT_CONVERSION = YES_AGGRESSIVE;
				CLANG_CXX_LANGUAGE_STANDARD = "gnu++20";
				CLANG_ENABLE_MODULES = YES;
				CLANG_ENABLE_OBJC_ARC = YES;
				CLANG_ENABLE_OBJC_WEAK = YES;
				CLANG_WARN_BLOCK_CAPTURE_AUTORELEASING = YES;
				CLANG_WARN_BOOL_CONVERSION = YES;
				CLANG_WARN_COMMA = YES;
				CLANG_WARN_CONSTANT_CONVERSION = YES;
				CLANG_WARN_DEPRECATED_OBJC_IMPLEMENTATIONS = YES;
				CLANG_WARN_DIRECT_OBJC_ISA_USAGE = YES_ERROR;
				CLANG_WARN_DOCUMENTATION_COMMENTS = YES;
				CLANG_WARN_EMPTY_BODY = YES;
				CLANG_WARN_ENUM_CONVERSION = YES;
				CLANG_WARN_INFINITE_RECURSION = YES;
				CLANG_WARN_INT_CONVERSION = YES;
				CLANG_WARN_NON_LITERAL_NULL_CONVERSION = YES;
				CLANG_WARN_OBJC_IMPLICIT_RETAIN_SELF = YES;
				CLANG_WARN_OBJC_LITERAL_CONVERSION = YES;
				CLANG_WARN_OBJC_ROOT_CLASS = YES_ERROR;
				CLANG_WARN_QUOTED_INCLUDE_IN_FRAMEWORK_HEADER = YES;
				CLANG_WARN_RANGE_LOOP_ANALYSIS = YES;
				CLANG_WARN_STRICT_PROTOTYPES = YES;
				CLANG_WARN_SUSPICIOUS_MOVE = YES;
				CLANG_WARN_UNGUARDED_AVAILABILITY = YES_AGGRESSIVE;
				CLANG_WARN_UNREACHABLE_CODE = YES;
				CLANG_WARN__DUPLICATE_METHOD_MATCH = YES;
				COPY_PHASE_STRIP = NO;
				DEBUG_INFORMATION_FORMAT = dwarf;
				ENABLE_STRICT_OBJC_MSGSEND = YES;
				ENABLE_TESTABILITY = YES;
				ENABLE_USER_SCRIPT_SANDBOXING = YES;
				GCC_C_LANGUAGE_STANDARD = gnu17;
				GCC_DYNAMIC_NO_PIC = NO;
				GCC_NO_COMMON_BLOCKS = YES;
				GCC_OPTIMIZATION_LEVEL = 0;
				GCC_PREPROCESSOR_DEFINITIONS = (
					"DEBUG=1",
					"$(inherited)",
				);
				GCC_WARN_64_TO_32_BIT_CONVERSION = YES;
				GCC_WARN_ABOUT_RETURN_TYPE = YES_ERROR;
				GCC_WARN_UNDECLARED_SELECTOR = YES;
				GCC_WARN_UNINITIALIZED_AUTOS = YES_AGGRESSIVE;
				GCC_WARN_UNUSED_FUNCTION = YES;
				GCC_WARN_UNUSED_VARIABLE = YES;
				IPHONEOS_DEPLOYMENT_TARGET = 17.2;
				LOCALIZATION_PREFERS_STRING_CATALOGS = YES;
				MTL_ENABLE_DEBUG_INFO = INCLUDE_SOURCE;
				MTL_FAST_MATH = YES;
				ONLY_ACTIVE_ARCH = YES;
				SDKROOT = iphoneos;
				SWIFT_ACTIVE_COMPILATION_CONDITIONS = "DEBUG $(inherited)";
				SWIFT_OPTIMIZATION_LEVEL = "-Onone";
			};
			name = Debug;
		};
		8D0C01782C19719400148D02 /* Release */ = {
			isa = XCBuildConfiguration;
			buildSettings = {
				ALWAYS_SEARCH_USER_PATHS = NO;
				ASSETCATALOG_COMPILER_GENERATE_SWIFT_ASSET_SYMBOL_EXTENSIONS = YES;
				CLANG_ANALYZER_NONNULL = YES;
				CLANG_ANALYZER_NUMBER_OBJECT_CONVERSION = YES_AGGRESSIVE;
				CLANG_CXX_LANGUAGE_STANDARD = "gnu++20";
				CLANG_ENABLE_MODULES = YES;
				CLANG_ENABLE_OBJC_ARC = YES;
				CLANG_ENABLE_OBJC_WEAK = YES;
				CLANG_WARN_BLOCK_CAPTURE_AUTORELEASING = YES;
				CLANG_WARN_BOOL_CONVERSION = YES;
				CLANG_WARN_COMMA = YES;
				CLANG_WARN_CONSTANT_CONVERSION = YES;
				CLANG_WARN_DEPRECATED_OBJC_IMPLEMENTATIONS = YES;
				CLANG_WARN_DIRECT_OBJC_ISA_USAGE = YES_ERROR;
				CLANG_WARN_DOCUMENTATION_COMMENTS = YES;
				CLANG_WARN_EMPTY_BODY = YES;
				CLANG_WARN_ENUM_CONVERSION = YES;
				CLANG_WARN_INFINITE_RECURSION = YES;
				CLANG_WARN_INT_CONVERSION = YES;
				CLANG_WARN_NON_LITERAL_NULL_CONVERSION = YES;
				CLANG_WARN_OBJC_IMPLICIT_RETAIN_SELF = YES;
				CLANG_WARN_OBJC_LITERAL_CONVERSION = YES;
				CLANG_WARN_OBJC_ROOT_CLASS = YES_ERROR;
				CLANG_WARN_QUOTED_INCLUDE_IN_FRAMEWORK_HEADER = YES;
				CLANG_WARN_RANGE_LOOP_ANALYSIS = YES;
				CLANG_WARN_STRICT_PROTOTYPES = YES;
				CLANG_WARN_SUSPICIOUS_MOVE = YES;
				CLANG_WARN_UNGUARDED_AVAILABILITY = YES_AGGRESSIVE;
				CLANG_WARN_UNREACHABLE_CODE = YES;
				CLANG_WARN__DUPLICATE_METHOD_MATCH = YES;
				COPY_PHASE_STRIP = NO;
				DEBUG_INFORMATION_FORMAT = "dwarf-with-dsym";
				ENABLE_NS_ASSERTIONS = NO;
				ENABLE_STRICT_OBJC_MSGSEND = YES;
				ENABLE_USER_SCRIPT_SANDBOXING = YES;
				GCC_C_LANGUAGE_STANDARD = gnu17;
				GCC_NO_COMMON_BLOCKS = YES;
				GCC_WARN_64_TO_32_BIT_CONVERSION = YES;
				GCC_WARN_ABOUT_RETURN_TYPE = YES_ERROR;
				GCC_WARN_UNDECLARED_SELECTOR = YES;
				GCC_WARN_UNINITIALIZED_AUTOS = YES_AGGRESSIVE;
				GCC_WARN_UNUSED_FUNCTION = YES;
				GCC_WARN_UNUSED_VARIABLE = YES;
				IPHONEOS_DEPLOYMENT_TARGET = 17.2;
				LOCALIZATION_PREFERS_STRING_CATALOGS = YES;
				MTL_ENABLE_DEBUG_INFO = NO;
				MTL_FAST_MATH = YES;
				SDKROOT = iphoneos;
				SWIFT_COMPILATION_MODE = wholemodule;
				VALIDATE_PRODUCT = YES;
			};
			name = Release;
		};
		8D0C017A2C19719400148D02 /* Debug */ = {
			isa = XCBuildConfiguration;
			buildSettings = {
				ASSETCATALOG_COMPILER_APPICON_NAME = AppIcon;
				ASSETCATALOG_COMPILER_GLOBAL_ACCENT_COLOR_NAME = AccentColor;
				CODE_SIGN_STYLE = Automatic;
				CURRENT_PROJECT_VERSION = 1;
				GENERATE_INFOPLIST_FILE = YES;
				INFOPLIST_FILE = Today/Info.plist;
				INFOPLIST_KEY_UIApplicationSupportsIndirectInputEvents = YES;
				INFOPLIST_KEY_UILaunchStoryboardName = LaunchScreen;
				INFOPLIST_KEY_UIMainStoryboardFile = Main;
				INFOPLIST_KEY_UISupportedInterfaceOrientations_iPad = "UIInterfaceOrientationPortrait UIInterfaceOrientationPortraitUpsideDown UIInterfaceOrientationLandscapeLeft UIInterfaceOrientationLandscapeRight";
				INFOPLIST_KEY_UISupportedInterfaceOrientations_iPhone = "UIInterfaceOrientationPortrait UIInterfaceOrientationLandscapeLeft UIInterfaceOrientationLandscapeRight";
				LD_RUNPATH_SEARCH_PATHS = (
					"$(inherited)",
					"@executable_path/Frameworks",
				);
				MARKETING_VERSION = 1.0;
				PRODUCT_BUNDLE_IDENTIFIER = dokyong.Today;
				PRODUCT_NAME = "$(TARGET_NAME)";
				SWIFT_EMIT_LOC_STRINGS = YES;
				SWIFT_VERSION = 5.0;
				TARGETED_DEVICE_FAMILY = "1,2";
			};
			name = Debug;
		};
		8D0C017B2C19719400148D02 /* Release */ = {
			isa = XCBuildConfiguration;
			buildSettings = {
				ASSETCATALOG_COMPILER_APPICON_NAME = AppIcon;
				ASSETCATALOG_COMPILER_GLOBAL_ACCENT_COLOR_NAME = AccentColor;
				CODE_SIGN_STYLE = Automatic;
				CURRENT_PROJECT_VERSION = 1;
				GENERATE_INFOPLIST_FILE = YES;
				INFOPLIST_FILE = Today/Info.plist;
				INFOPLIST_KEY_UIApplicationSupportsIndirectInputEvents = YES;
				INFOPLIST_KEY_UILaunchStoryboardName = LaunchScreen;
				INFOPLIST_KEY_UIMainStoryboardFile = Main;
				INFOPLIST_KEY_UISupportedInterfaceOrientations_iPad = "UIInterfaceOrientationPortrait UIInterfaceOrientationPortraitUpsideDown UIInterfaceOrientationLandscapeLeft UIInterfaceOrientationLandscapeRight";
				INFOPLIST_KEY_UISupportedInterfaceOrientations_iPhone = "UIInterfaceOrientationPortrait UIInterfaceOrientationLandscapeLeft UIInterfaceOrientationLandscapeRight";
				LD_RUNPATH_SEARCH_PATHS = (
					"$(inherited)",
					"@executable_path/Frameworks",
				);
				MARKETING_VERSION = 1.0;
				PRODUCT_BUNDLE_IDENTIFIER = dokyong.Today;
				PRODUCT_NAME = "$(TARGET_NAME)";
				SWIFT_EMIT_LOC_STRINGS = YES;
				SWIFT_VERSION = 5.0;
				TARGETED_DEVICE_FAMILY = "1,2";
			};
			name = Release;
		};
		8D0C017D2C19719400148D02 /* Debug */ = {
			isa = XCBuildConfiguration;
			buildSettings = {
				ALWAYS_EMBED_SWIFT_STANDARD_LIBRARIES = YES;
				BUNDLE_LOADER = "$(TEST_HOST)";
				CODE_SIGN_STYLE = Automatic;
				CURRENT_PROJECT_VERSION = 1;
				GENERATE_INFOPLIST_FILE = YES;
				IPHONEOS_DEPLOYMENT_TARGET = 17.2;
				MARKETING_VERSION = 1.0;
				PRODUCT_BUNDLE_IDENTIFIER = dokyong.TodayTests;
				PRODUCT_NAME = "$(TARGET_NAME)";
				SWIFT_EMIT_LOC_STRINGS = NO;
				SWIFT_VERSION = 5.0;
				TARGETED_DEVICE_FAMILY = "1,2";
				TEST_HOST = "$(BUILT_PRODUCTS_DIR)/Today.app/$(BUNDLE_EXECUTABLE_FOLDER_PATH)/Today";
			};
			name = Debug;
		};
		8D0C017E2C19719400148D02 /* Release */ = {
			isa = XCBuildConfiguration;
			buildSettings = {
				ALWAYS_EMBED_SWIFT_STANDARD_LIBRARIES = YES;
				BUNDLE_LOADER = "$(TEST_HOST)";
				CODE_SIGN_STYLE = Automatic;
				CURRENT_PROJECT_VERSION = 1;
				GENERATE_INFOPLIST_FILE = YES;
				IPHONEOS_DEPLOYMENT_TARGET = 17.2;
				MARKETING_VERSION = 1.0;
				PRODUCT_BUNDLE_IDENTIFIER = dokyong.TodayTests;
				PRODUCT_NAME = "$(TARGET_NAME)";
				SWIFT_EMIT_LOC_STRINGS = NO;
				SWIFT_VERSION = 5.0;
				TARGETED_DEVICE_FAMILY = "1,2";
				TEST_HOST = "$(BUILT_PRODUCTS_DIR)/Today.app/$(BUNDLE_EXECUTABLE_FOLDER_PATH)/Today";
			};
			name = Release;
		};
		8D0C01802C19719400148D02 /* Debug */ = {
			isa = XCBuildConfiguration;
			buildSettings = {
				ALWAYS_EMBED_SWIFT_STANDARD_LIBRARIES = YES;
				CODE_SIGN_STYLE = Automatic;
				CURRENT_PROJECT_VERSION = 1;
				GENERATE_INFOPLIST_FILE = YES;
				MARKETING_VERSION = 1.0;
				PRODUCT_BUNDLE_IDENTIFIER = dokyong.TodayUITests;
				PRODUCT_NAME = "$(TARGET_NAME)";
				SWIFT_EMIT_LOC_STRINGS = NO;
				SWIFT_VERSION = 5.0;
				TARGETED_DEVICE_FAMILY = "1,2";
				TEST_TARGET_NAME = Today;
			};
			name = Debug;
		};
		8D0C01812C19719400148D02 /* Release */ = {
			isa = XCBuildConfiguration;
			buildSettings = {
				ALWAYS_EMBED_SWIFT_STANDARD_LIBRARIES = YES;
				CODE_SIGN_STYLE = Automatic;
				CURRENT_PROJECT_VERSION = 1;
				GENERATE_INFOPLIST_FILE = YES;
				MARKETING_VERSION = 1.0;
				PRODUCT_BUNDLE_IDENTIFIER = dokyong.TodayUITests;
				PRODUCT_NAME = "$(TARGET_NAME)";
				SWIFT_EMIT_LOC_STRINGS = NO;
				SWIFT_VERSION = 5.0;
				TARGETED_DEVICE_FAMILY = "1,2";
				TEST_TARGET_NAME = Today;
			};
			name = Release;
		};
/* End XCBuildConfiguration section */

/* Begin XCConfigurationList section */
		8D0C014A2C19719300148D02 /* Build configuration list for PBXProject "Today" */ = {
			isa = XCConfigurationList;
			buildConfigurations = (
				8D0C01772C19719400148D02 /* Debug */,
				8D0C01782C19719400148D02 /* Release */,
			);
			defaultConfigurationIsVisible = 0;
			defaultConfigurationName = Release;
		};
		8D0C01792C19719400148D02 /* Build configuration list for PBXNativeTarget "Today" */ = {
			isa = XCConfigurationList;
			buildConfigurations = (
				8D0C017A2C19719400148D02 /* Debug */,
				8D0C017B2C19719400148D02 /* Release */,
			);
			defaultConfigurationIsVisible = 0;
			defaultConfigurationName = Release;
		};
		8D0C017C2C19719400148D02 /* Build configuration list for PBXNativeTarget "TodayTests" */ = {
			isa = XCConfigurationList;
			buildConfigurations = (
				8D0C017D2C19719400148D02 /* Debug */,
				8D0C017E2C19719400148D02 /* Release */,
			);
			defaultConfigurationIsVisible = 0;
			defaultConfigurationName = Release;
		};
		8D0C017F2C19719400148D02 /* Build configuration list for PBXNativeTarget "TodayUITests" */ = {
			isa = XCConfigurationList;
			buildConfigurations = (
				8D0C01802C19719400148D02 /* Debug */,
				8D0C01812C19719400148D02 /* Release */,
			);
			defaultConfigurationIsVisible = 0;
			defaultConfigurationName = Release;
		};
/* End XCConfigurationList section */
	};
	rootObject = 8D0C01472C19719300148D02 /* Project object */;
}
